
Microsoft Visual Studio Solution File, Format Version 12.00
# Visual Studio Version 17
VisualStudioVersion = 17.0.31903.59
MinimumVisualStudioVersion = 10.0.40219.1
Project("{9A19103F-16F7-4668-BE54-9A1E7A4F7556}") = "EntityFramework.V70.Relationships", "EntityFramework.V70.Relationships\EntityFramework.V70.Relationships.csproj", "{8A3D0AD0-D8BA-4537-9E1E-416A677304CE}"
EndProject
Project("{FAE04EC0-301F-11D3-BF4B-00C04F79EFBC}") = "Scaffolder.V70.PostgreSQL", "Scaffolder.V70.PostgreSQL\Scaffolder.V70.PostgreSQL.csproj", "{FD3C89CF-F310-41DD-AC32-FFA9FA8A58DE}"
EndProject
Global
	GlobalSection(SolutionConfigurationPlatforms) = preSolution
		Debug|Any CPU = Debug|Any CPU
		Release|Any CPU = Release|Any CPU
	EndGlobalSection
	GlobalSection(ProjectConfigurationPlatforms) = postSolution
		{8A3D0AD0-D8BA-4537-9E1E-416A677304CE}.Debug|Any CPU.ActiveCfg = Debug|Any CPU
		{8A3D0AD0-D8BA-4537-9E1E-416A677304CE}.Debug|Any CPU.Build.0 = Debug|Any CPU
		{8A3D0AD0-D8BA-4537-9E1E-416A677304CE}.Release|Any CPU.ActiveCfg = Release|Any CPU
		{8A3D0AD0-D8BA-4537-9E1E-416A677304CE}.Release|Any CPU.Build.0 = Release|Any CPU
		{FD3C89CF-F310-41DD-AC32-FFA9FA8A58DE}.Debug|Any CPU.ActiveCfg = Debug|Any CPU
		{FD3C89CF-F310-41DD-AC32-FFA9FA8A58DE}.Debug|Any CPU.Build.0 = Debug|Any CPU
		{FD3C89CF-F310-41DD-AC32-FFA9FA8A58DE}.Release|Any CPU.ActiveCfg = Release|Any CPU
		{FD3C89CF-F310-41DD-AC32-FFA9FA8A58DE}.Release|Any CPU.Build.0 = Release|Any CPU
	EndGlobalSection
	GlobalSection(SolutionProperties) = preSolution
		HideSolutionNode = FALSE
	EndGlobalSection
	GlobalSection(ExtensibilityGlobals) = postSolution
		SolutionGuid = {9B8E4CAA-509F-49D5-BE63-FBA9068B8576}
	EndGlobalSection
EndGlobal
